
Microsoft Visual Studio Solution File, Format Version 12.00
# Visual Studio Version 17
VisualStudioVersion = 17.0.31903.59
MinimumVisualStudioVersion = 10.0.40219.1
Project("{2150E333-8FDC-42A3-9474-1A3956D46DE8}") = "backend", "backend", "{1AE8ACA6-933B-BF2A-3671-3E2EAC007D16}"
EndProject
Project("{2150E333-8FDC-42A3-9474-1A3956D46DE8}") = "src", "src", "{0F9113EE-888A-26D2-68B0-4A7D0A2A8745}"
EndProject
Project("{FAE04EC0-301F-11D3-BF4B-00C04F79EFBC}") = "Sudoku.Models", "backend\src\Sudoku.Models\Sudoku.Models.csproj", "{F726D218-4970-45BD-8898-AA710B071134}"
EndProject
Project("{FAE04EC0-301F-11D3-BF4B-00C04F79EFBC}") = "Sudoku.Services", "backend\src\Sudoku.Services\Sudoku.Services.csproj", "{739FD24E-AE67-4FCB-A1D6-C1FE346EB4A7}"
EndProject
Project("{FAE04EC0-301F-11D3-BF4B-00C04F79EFBC}") = "Sudoku.Api", "backend\src\Sudoku.Api\Sudoku.Api.csproj", "{31DFDF3D-0563-4591-B106-5D134D0B3335}"
EndProject
Project("{2150E333-8FDC-42A3-9474-1A3956D46DE8}") = "tests", "tests", "{F57642F3-C37C-D174-720E-6A6AAD5BEE22}"
EndProject
Project("{FAE04EC0-301F-11D3-BF4B-00C04F79EFBC}") = "Sudoku.Tests", "backend\tests\Sudoku.Tests\Sudoku.Tests.csproj", "{1EA5460A-7B11-484E-A2F0-5F39E69503C5}"
EndProject
Project("{2150E333-8FDC-42A3-9474-1A3956D46DE8}") = "frontend", "frontend", "{CE609670-85B9-0D16-FB54-ED063D5D8A6D}"
EndProject
Project("{2150E333-8FDC-42A3-9474-1A3956D46DE8}") = "src", "src", "{E40BF17A-E631-09D5-7889-66BEE0F9AB0F}"
EndProject
Project("{FAE04EC0-301F-11D3-BF4B-00C04F79EFBC}") = "Sudoku.UI", "frontend\src\Sudoku.UI\Sudoku.UI.csproj", "{85E74748-6056-4F64-A777-C2597EFE34DB}"
EndProject
Global
	GlobalSection(SolutionConfigurationPlatforms) = preSolution
		Debug|Any CPU = Debug|Any CPU
		Debug|x64 = Debug|x64
		Debug|x86 = Debug|x86
		Release|Any CPU = Release|Any CPU
		Release|x64 = Release|x64
		Release|x86 = Release|x86
	EndGlobalSection
	GlobalSection(ProjectConfigurationPlatforms) = postSolution
		{F726D218-4970-45BD-8898-AA710B071134}.Debug|Any CPU.ActiveCfg = Debug|Any CPU
		{F726D218-4970-45BD-8898-AA710B071134}.Debug|Any CPU.Build.0 = Debug|Any CPU
		{F726D218-4970-45BD-8898-AA710B071134}.Debug|x64.ActiveCfg = Debug|Any CPU
		{F726D218-4970-45BD-8898-AA710B071134}.Debug|x64.Build.0 = Debug|Any CPU
		{F726D218-4970-45BD-8898-AA710B071134}.Debug|x86.ActiveCfg = Debug|Any CPU
		{F726D218-4970-45BD-8898-AA710B071134}.Debug|x86.Build.0 = Debug|Any CPU
		{F726D218-4970-45BD-8898-AA710B071134}.Release|Any CPU.ActiveCfg = Release|Any CPU
		{F726D218-4970-45BD-8898-AA710B071134}.Release|Any CPU.Build.0 = Release|Any CPU
		{F726D218-4970-45BD-8898-AA710B071134}.Release|x64.ActiveCfg = Release|Any CPU
		{F726D218-4970-45BD-8898-AA710B071134}.Release|x64.Build.0 = Release|Any CPU
		{F726D218-4970-45BD-8898-AA710B071134}.Release|x86.ActiveCfg = Release|Any CPU
		{F726D218-4970-45BD-8898-AA710B071134}.Release|x86.Build.0 = Release|Any CPU
		{739FD24E-AE67-4FCB-A1D6-C1FE346EB4A7}.Debug|Any CPU.ActiveCfg = Debug|Any CPU
		{739FD24E-AE67-4FCB-A1D6-C1FE346EB4A7}.Debug|Any CPU.Build.0 = Debug|Any CPU
		{739FD24E-AE67-4FCB-A1D6-C1FE346EB4A7}.Debug|x64.ActiveCfg = Debug|Any CPU
		{739FD24E-AE67-4FCB-A1D6-C1FE346EB4A7}.Debug|x64.Build.0 = Debug|Any CPU
		{739FD24E-AE67-4FCB-A1D6-C1FE346EB4A7}.Debug|x86.ActiveCfg = Debug|Any CPU
		{739FD24E-AE67-4FCB-A1D6-C1FE346EB4A7}.Debug|x86.Build.0 = Debug|Any CPU
		{739FD24E-AE67-4FCB-A1D6-C1FE346EB4A7}.Release|Any CPU.ActiveCfg = Release|Any CPU
		{739FD24E-AE67-4FCB-A1D6-C1FE346EB4A7}.Release|Any CPU.Build.0 = Release|Any CPU
		{739FD24E-AE67-4FCB-A1D6-C1FE346EB4A7}.Release|x64.ActiveCfg = Release|Any CPU
		{739FD24E-AE67-4FCB-A1D6-C1FE346EB4A7}.Release|x64.Build.0 = Release|Any CPU
		{739FD24E-AE67-4FCB-A1D6-C1FE346EB4A7}.Release|x86.ActiveCfg = Release|Any CPU
		{739FD24E-AE67-4FCB-A1D6-C1FE346EB4A7}.Release|x86.Build.0 = Release|Any CPU
		{31DFDF3D-0563-4591-B106-5D134D0B3335}.Debug|Any CPU.ActiveCfg = Debug|Any CPU
		{31DFDF3D-0563-4591-B106-5D134D0B3335}.Debug|Any CPU.Build.0 = Debug|Any CPU
		{31DFDF3D-0563-4591-B106-5D134D0B3335}.Debug|x64.ActiveCfg = Debug|Any CPU
		{31DFDF3D-0563-4591-B106-5D134D0B3335}.Debug|x64.Build.0 = Debug|Any CPU
		{31DFDF3D-0563-4591-B106-5D134D0B3335}.Debug|x86.ActiveCfg = Debug|Any CPU
		{31DFDF3D-0563-4591-B106-5D134D0B3335}.Debug|x86.Build.0 = Debug|Any CPU
		{31DFDF3D-0563-4591-B106-5D134D0B3335}.Release|Any CPU.ActiveCfg = Release|Any CPU
		{31DFDF3D-0563-4591-B106-5D134D0B3335}.Release|Any CPU.Build.0 = Release|Any CPU
		{31DFDF3D-0563-4591-B106-5D134D0B3335}.Release|x64.ActiveCfg = Release|Any CPU
		{31DFDF3D-0563-4591-B106-5D134D0B3335}.Release|x64.Build.0 = Release|Any CPU
		{31DFDF3D-0563-4591-B106-5D134D0B3335}.Release|x86.ActiveCfg = Release|Any CPU
		{31DFDF3D-0563-4591-B106-5D134D0B3335}.Release|x86.Build.0 = Release|Any CPU
		{1EA5460A-7B11-484E-A2F0-5F39E69503C5}.Debug|Any CPU.ActiveCfg = Debug|Any CPU
		{1EA5460A-7B11-484E-A2F0-5F39E69503C5}.Debug|Any CPU.Build.0 = Debug|Any CPU
		{1EA5460A-7B11-484E-A2F0-5F39E69503C5}.Debug|x64.ActiveCfg = Debug|Any CPU
		{1EA5460A-7B11-484E-A2F0-5F39E69503C5}.Debug|x64.Build.0 = Debug|Any CPU
		{1EA5460A-7B11-484E-A2F0-5F39E69503C5}.Debug|x86.ActiveCfg = Debug|Any CPU
		{1EA5460A-7B11-484E-A2F0-5F39E69503C5}.Debug|x86.Build.0 = Debug|Any CPU
		{1EA5460A-7B11-484E-A2F0-5F39E69503C5}.Release|Any CPU.ActiveCfg = Release|Any CPU
		{1EA5460A-7B11-484E-A2F0-5F39E69503C5}.Release|Any CPU.Build.0 = Release|Any CPU
		{1EA5460A-7B11-484E-A2F0-5F39E69503C5}.Release|x64.ActiveCfg = Release|Any CPU
		{1EA5460A-7B11-484E-A2F0-5F39E69503C5}.Release|x64.Build.0 = Release|Any CPU
		{1EA5460A-7B11-484E-A2F0-5F39E69503C5}.Release|x86.ActiveCfg = Release|Any CPU
		{1EA5460A-7B11-484E-A2F0-5F39E69503C5}.Release|x86.Build.0 = Release|Any CPU
		{85E74748-6056-4F64-A777-C2597EFE34DB}.Debug|Any CPU.ActiveCfg = Debug|Any CPU
		{85E74748-6056-4F64-A777-C2597EFE34DB}.Debug|Any CPU.Build.0 = Debug|Any CPU
		{85E74748-6056-4F64-A777-C2597EFE34DB}.Debug|x64.ActiveCfg = Debug|Any CPU
		{85E74748-6056-4F64-A777-C2597EFE34DB}.Debug|x64.Build.0 = Debug|Any CPU
		{85E74748-6056-4F64-A777-C2597EFE34DB}.Debug|x86.ActiveCfg = Debug|Any CPU
		{85E74748-6056-4F64-A777-C2597EFE34DB}.Debug|x86.Build.0 = Debug|Any CPU
		{85E74748-6056-4F64-A777-C2597EFE34DB}.Release|Any CPU.ActiveCfg = Release|Any CPU
		{85E74748-6056-4F64-A777-C2597EFE34DB}.Release|Any CPU.Build.0 = Release|Any CPU
		{85E74748-6056-4F64-A777-C2597EFE34DB}.Release|x64.ActiveCfg = Release|Any CPU
		{85E74748-6056-4F64-A777-C2597EFE34DB}.Release|x64.Build.0 = Release|Any CPU
		{85E74748-6056-4F64-A777-C2597EFE34DB}.Release|x86.ActiveCfg = Release|Any CPU
		{85E74748-6056-4F64-A777-C2597EFE34DB}.Release|x86.Build.0 = Release|Any CPU
	EndGlobalSection
	GlobalSection(SolutionProperties) = preSolution
		HideSolutionNode = FALSE
	EndGlobalSection
	GlobalSection(NestedProjects) = preSolution
		{0F9113EE-888A-26D2-68B0-4A7D0A2A8745} = {1AE8ACA6-933B-BF2A-3671-3E2EAC007D16}
		{F726D218-4970-45BD-8898-AA710B071134} = {0F9113EE-888A-26D2-68B0-4A7D0A2A8745}
		{739FD24E-AE67-4FCB-A1D6-C1FE346EB4A7} = {0F9113EE-888A-26D2-68B0-4A7D0A2A8745}
		{31DFDF3D-0563-4591-B106-5D134D0B3335} = {0F9113EE-888A-26D2-68B0-4A7D0A2A8745}
		{F57642F3-C37C-D174-720E-6A6AAD5BEE22} = {1AE8ACA6-933B-BF2A-3671-3E2EAC007D16}
		{1EA5460A-7B11-484E-A2F0-5F39E69503C5} = {F57642F3-C37C-D174-720E-6A6AAD5BEE22}
		{E40BF17A-E631-09D5-7889-66BEE0F9AB0F} = {CE609670-85B9-0D16-FB54-ED063D5D8A6D}
		{85E74748-6056-4F64-A777-C2597EFE34DB} = {E40BF17A-E631-09D5-7889-66BEE0F9AB0F}
	EndGlobalSection
EndGlobal
